
Microsoft Visual Studio Solution File, Format Version 12.00
# Visual Studio Version 17
VisualStudioVersion = 17.10.34928.147
MinimumVisualStudioVersion = 10.0.40219.1
Project("{9A19103F-16F7-4668-BE54-9A1E7A4F7556}") = "SportNewsWebApi", "SportNewsApi\SportNewsWebApi.csproj", "{1115042C-14BC-47CD-9752-C8B163C088C8}"
EndProject
Project("{9A19103F-16F7-4668-BE54-9A1E7A4F7556}") = "Tests", "SportNewsTests\Tests.csproj", "{881C6678-1C5D-4C52-8EA4-74C9BE070A2D}"
EndProject
Project("{9A19103F-16F7-4668-BE54-9A1E7A4F7556}") = "UsersWebApi", "UsersWebApi\UsersWebApi.csproj", "{B4782CE3-34B7-4497-BA80-A64699CA6696}"
EndProject
Project("{9A19103F-16F7-4668-BE54-9A1E7A4F7556}") = "Gateway", "Gateway\Gateway.csproj", "{FCFCB9E8-09EC-40BD-8C73-2D153C9A4313}"
EndProject
Project("{FAE04EC0-301F-11D3-BF4B-00C04F79EFBC}") = "JwtConfiguration", "JwtConfiguration\JwtConfiguration.csproj", "{2545B5BD-75A5-4C02-88CF-DE9835E0A8E3}"
EndProject
Global
	GlobalSection(SolutionConfigurationPlatforms) = preSolution
		Debug|Any CPU = Debug|Any CPU
		Release|Any CPU = Release|Any CPU
	EndGlobalSection
	GlobalSection(ProjectConfigurationPlatforms) = postSolution
		{1115042C-14BC-47CD-9752-C8B163C088C8}.Debug|Any CPU.ActiveCfg = Debug|Any CPU
		{1115042C-14BC-47CD-9752-C8B163C088C8}.Debug|Any CPU.Build.0 = Debug|Any CPU
		{1115042C-14BC-47CD-9752-C8B163C088C8}.Release|Any CPU.ActiveCfg = Release|Any CPU
		{1115042C-14BC-47CD-9752-C8B163C088C8}.Release|Any CPU.Build.0 = Release|Any CPU
		{881C6678-1C5D-4C52-8EA4-74C9BE070A2D}.Debug|Any CPU.ActiveCfg = Debug|Any CPU
		{881C6678-1C5D-4C52-8EA4-74C9BE070A2D}.Debug|Any CPU.Build.0 = Debug|Any CPU
		{881C6678-1C5D-4C52-8EA4-74C9BE070A2D}.Release|Any CPU.ActiveCfg = Release|Any CPU
		{881C6678-1C5D-4C52-8EA4-74C9BE070A2D}.Release|Any CPU.Build.0 = Release|Any CPU
		{B4782CE3-34B7-4497-BA80-A64699CA6696}.Debug|Any CPU.ActiveCfg = Debug|Any CPU
		{B4782CE3-34B7-4497-BA80-A64699CA6696}.Debug|Any CPU.Build.0 = Debug|Any CPU
		{B4782CE3-34B7-4497-BA80-A64699CA6696}.Release|Any CPU.ActiveCfg = Release|Any CPU
		{B4782CE3-34B7-4497-BA80-A64699CA6696}.Release|Any CPU.Build.0 = Release|Any CPU
		{FCFCB9E8-09EC-40BD-8C73-2D153C9A4313}.Debug|Any CPU.ActiveCfg = Debug|Any CPU
		{FCFCB9E8-09EC-40BD-8C73-2D153C9A4313}.Debug|Any CPU.Build.0 = Debug|Any CPU
		{FCFCB9E8-09EC-40BD-8C73-2D153C9A4313}.Release|Any CPU.ActiveCfg = Release|Any CPU
		{FCFCB9E8-09EC-40BD-8C73-2D153C9A4313}.Release|Any CPU.Build.0 = Release|Any CPU
		{2545B5BD-75A5-4C02-88CF-DE9835E0A8E3}.Debug|Any CPU.ActiveCfg = Debug|Any CPU
		{2545B5BD-75A5-4C02-88CF-DE9835E0A8E3}.Debug|Any CPU.Build.0 = Debug|Any CPU
		{2545B5BD-75A5-4C02-88CF-DE9835E0A8E3}.Release|Any CPU.ActiveCfg = Release|Any CPU
		{2545B5BD-75A5-4C02-88CF-DE9835E0A8E3}.Release|Any CPU.Build.0 = Release|Any CPU
	EndGlobalSection
	GlobalSection(SolutionProperties) = preSolution
		HideSolutionNode = FALSE
	EndGlobalSection
	GlobalSection(ExtensibilityGlobals) = postSolution
		SolutionGuid = {44EEA7A2-FF51-4F82-93FD-42D0DD57ED45}
	EndGlobalSection
EndGlobal
